{
  "originHash" : "71a737eeab6426340dbd0f5d4d755e312b4ac55ca21e62589b601b91b363f45c",
  "pins" : [
    {
      "identity" : "yaneuraouiosspm",
      "kind" : "remoteSourceControl",
      "location" : "git@github.com:select766/YaneuraOuiOSSPM.git",
      "state" : {
        "branch" : "watchos.halfkp_128x2-32-32",
        "revision" : "91b48cf7a3d4842fee92eda6ef68591d4fed5d06"
      }
    }
  ],
  "version" : 3
}
