{
  "originHash" : "71a737eeab6426340dbd0f5d4d755e312b4ac55ca21e62589b601b91b363f45c",
  "pins" : [
    {
      "identity" : "yaneuraouiosspm",
      "kind" : "remoteSourceControl",
      "location" : "git@github.com:select766/YaneuraOuiOSSPM.git",
      "state" : {
        "branch" : "watchos",
        "revision" : "9ae76c2c1638558d88bb5e1666f3758ea9a82c35"
      }
    }
  ],
  "version" : 3
}
